
Microsoft Visual Studio Solution File, Format Version 11.00
# Visual Studio 2010
# SharpDevelop 5.1
Project("{FAE04EC0-301F-11D3-BF4B-00C04F79EFBC}") = "amanda_progress", "amanda_progress\amanda_progress.csproj", "{036F406C-2493-49C8-968B-51CF0B6684BF}"
EndProject
Global
	GlobalSection(SolutionConfigurationPlatforms) = preSolution
		Debug|Any CPU = Debug|Any CPU
		Release|Any CPU = Release|Any CPU
	EndGlobalSection
	GlobalSection(ProjectConfigurationPlatforms) = postSolution
		{036F406C-2493-49C8-968B-51CF0B6684BF}.Debug|Any CPU.ActiveCfg = Debug|Any CPU
		{036F406C-2493-49C8-968B-51CF0B6684BF}.Debug|Any CPU.Build.0 = Debug|Any CPU
		{036F406C-2493-49C8-968B-51CF0B6684BF}.Release|Any CPU.ActiveCfg = Release|Any CPU
		{036F406C-2493-49C8-968B-51CF0B6684BF}.Release|Any CPU.Build.0 = Release|Any CPU
	EndGlobalSection
EndGlobal
